<?xml version="1.0" encoding="utf-8"?>
<Project ToolsVersion="4.0" xmlns="http://schemas.microsoft.com/developer/msbuild/2003">
  <ItemGroup>
    <ClCompile Include="Mandelbrot_set.cpp">
      <Filter>src</Filter>
    </ClCompile>
    <ClCompile Include="main.cpp">
      <Filter>src</Filter>
    </ClCompile>
  </ItemGroup>
  <ItemGroup>
    <ClInclude Include="Utility.h">
      <Filter>src\Header</Filter>
    </ClInclude>
    <ClInclude Include="Mandelbrot_set.h">
      <Filter>src\Header</Filter>
    </ClInclude>
    <ClInclude Include="kernel.cuh">
      <Filter>src\Header</Filter>
    </ClInclude>
    <ClInclude Include="main.h">
      <Filter>src\Header</Filter>
    </ClInclude>
  </ItemGroup>
  <ItemGroup>
    <Filter Include="src">
      <UniqueIdentifier>{63033227-7099-4e51-b98c-9d78b4664b90}</UniqueIdentifier>
    </Filter>
    <Filter Include="src\Header">
      <UniqueIdentifier>{e85415d7-b70a-4b57-ba3c-795d71608afe}</UniqueIdentifier>
    </Filter>
  </ItemGroup>
  <ItemGroup>
    <CudaCompile Include="kernel.cu">
      <Filter>src</Filter>
    </CudaCompile>
  </ItemGroup>
  <ItemGroup>
    <None Include="README.md" />
  </ItemGroup>
</Project>