
Microsoft Visual Studio Solution File, Format Version 12.00
# Visual Studio Version 16
VisualStudioVersion = 16.0.30717.126
MinimumVisualStudioVersion = 10.0.40219.1
Project("{8BC9CEB8-8B4A-11D0-8D11-00A0C91BC942}") = "Mandelbrot_set_cuda", "Mandelbrot_set_cuda.vcxproj", "{9999C41C-9D2F-49C1-BF53-8D5C6C1140F3}"
EndProject
Global
	GlobalSection(SolutionConfigurationPlatforms) = preSolution
		Debug|x64 = Debug|x64
		Release|x64 = Release|x64
	EndGlobalSection
	GlobalSection(ProjectConfigurationPlatforms) = postSolution
		{9999C41C-9D2F-49C1-BF53-8D5C6C1140F3}.Debug|x64.ActiveCfg = Debug|x64
		{9999C41C-9D2F-49C1-BF53-8D5C6C1140F3}.Debug|x64.Build.0 = Debug|x64
		{9999C41C-9D2F-49C1-BF53-8D5C6C1140F3}.Release|x64.ActiveCfg = Release|x64
		{9999C41C-9D2F-49C1-BF53-8D5C6C1140F3}.Release|x64.Build.0 = Release|x64
	EndGlobalSection
	GlobalSection(SolutionProperties) = preSolution
		HideSolutionNode = FALSE
	EndGlobalSection
	GlobalSection(ExtensibilityGlobals) = postSolution
		SolutionGuid = {DE594AD4-A03C-479E-9101-04E303518E2C}
	EndGlobalSection
EndGlobal
